// !$*UTF8*$!
{
	archiveVersion = 1;
	classes = {
	};
	objectVersion = 55;
	objects = {

/* Begin PBXBuildFile section */
		4C526C992835F0C500846004 /* AppDelegate.swift in Sources */ = {isa = PBXBuildFile; fileRef = 4C526C982835F0C500846004 /* AppDelegate.swift */; };
		4C526C9B2835F0C500846004 /* SceneDelegate.swift in Sources */ = {isa = PBXBuildFile; fileRef = 4C526C9A2835F0C500846004 /* SceneDelegate.swift */; };
		4C526CA02835F0C500846004 /* Main.storyboard in Resources */ = {isa = PBXBuildFile; fileRef = 4C526C9E2835F0C500846004 /* Main.storyboard */; };
		4C526CA22835F0C600846004 /* Assets.xcassets in Resources */ = {isa = PBXBuildFile; fileRef = 4C526CA12835F0C600846004 /* Assets.xcassets */; };
		4C526CA52835F0C600846004 /* LaunchScreen.storyboard in Resources */ = {isa = PBXBuildFile; fileRef = 4C526CA32835F0C600846004 /* LaunchScreen.storyboard */; };
		4C9C68A92835FC5F007C39A5 /* MainViewController.swift in Sources */ = {isa = PBXBuildFile; fileRef = 4C9C68A82835FC5F007C39A5 /* MainViewController.swift */; };
		4CAD25402836A96E002B447A /* MainTableViewCell.swift in Sources */ = {isa = PBXBuildFile; fileRef = 4CAD253E2836A96E002B447A /* MainTableViewCell.swift */; };
		4CAD25412836A96E002B447A /* MainTableViewCell.xib in Resources */ = {isa = PBXBuildFile; fileRef = 4CAD253F2836A96E002B447A /* MainTableViewCell.xib */; };
		4CC73F81283B4F88004A6EC1 /* SendDataViewController.swift in Sources */ = {isa = PBXBuildFile; fileRef = 4CC73F80283B4F88004A6EC1 /* SendDataViewController.swift */; };
/* End PBXBuildFile section */

/* Begin PBXFileReference section */
		4C526C952835F0C500846004 /* Swift-1AllForOne.app */ = {isa = PBXFileReference; explicitFileType = wrapper.application; includeInIndex = 0; path = "Swift-1AllForOne.app"; sourceTree = BUILT_PRODUCTS_DIR; };
		4C526C982835F0C500846004 /* AppDelegate.swift */ = {isa = PBXFileReference; lastKnownFileType = sourcecode.swift; path = AppDelegate.swift; sourceTree = "<group>"; };
		4C526C9A2835F0C500846004 /* SceneDelegate.swift */ = {isa = PBXFileReference; lastKnownFileType = sourcecode.swift; path = SceneDelegate.swift; sourceTree = "<group>"; };
		4C526C9F2835F0C500846004 /* Base */ = {isa = PBXFileReference; lastKnownFileType = file.storyboard; name = Base; path = Base.lproj/Main.storyboard; sourceTree = "<group>"; };
		4C526CA12835F0C600846004 /* Assets.xcassets */ = {isa = PBXFileReference; lastKnownFileType = folder.assetcatalog; path = Assets.xcassets; sourceTree = "<group>"; };
		4C526CA42835F0C600846004 /* Base */ = {isa = PBXFileReference; lastKnownFileType = file.storyboard; name = Base; path = Base.lproj/LaunchScreen.storyboard; sourceTree = "<group>"; };
		4C526CA62835F0C600846004 /* Info.plist */ = {isa = PBXFileReference; lastKnownFileType = text.plist.xml; path = Info.plist; sourceTree = "<group>"; };
		4C9C68A82835FC5F007C39A5 /* MainViewController.swift */ = {isa = PBXFileReference; lastKnownFileType = sourcecode.swift; path = MainViewController.swift; sourceTree = "<group>"; };
		4CAD253E2836A96E002B447A /* MainTableViewCell.swift */ = {isa = PBXFileReference; lastKnownFileType = sourcecode.swift; path = MainTableViewCell.swift; sourceTree = "<group>"; };
		4CAD253F2836A96E002B447A /* MainTableViewCell.xib */ = {isa = PBXFileReference; lastKnownFileType = file.xib; path = MainTableViewCell.xib; sourceTree = "<group>"; };
		4CC73F80283B4F88004A6EC1 /* SendDataViewController.swift */ = {isa = PBXFileReference; lastKnownFileType = sourcecode.swift; path = SendDataViewController.swift; sourceTree = "<group>"; };
/* End PBXFileReference section */

/* Begin PBXFrameworksBuildPhase section */
		4C526C922835F0C500846004 /* Frameworks */ = {
			isa = PBXFrameworksBuildPhase;
			buildActionMask = 2147483647;
			files = (
			);
			runOnlyForDeploymentPostprocessing = 0;
		};
/* End PBXFrameworksBuildPhase section */

/* Begin PBXGroup section */
		4C526C8C2835F0C500846004 = {
			isa = PBXGroup;
			children = (
				4C526C972835F0C500846004 /* Swift-1AllForOne */,
				4C526C962835F0C500846004 /* Products */,
			);
			sourceTree = "<group>";
		};
		4C526C962835F0C500846004 /* Products */ = {
			isa = PBXGroup;
			children = (
				4C526C952835F0C500846004 /* Swift-1AllForOne.app */,
			);
			name = Products;
			sourceTree = "<group>";
		};
		4C526C972835F0C500846004 /* Swift-1AllForOne */ = {
			isa = PBXGroup;
			children = (
				4CAD253A2836933E002B447A /* Assets */,
				4CAD25392836932D002B447A /* Helpers */,
				4CAD253828369324002B447A /* Extensions */,
				4C9C68A62835FAE9007C39A5 /* ViewModel */,
				4C9C68A52835FAE2007C39A5 /* Model */,
				4C9C68A42835FADB007C39A5 /* View */,
				4C526C982835F0C500846004 /* AppDelegate.swift */,
				4C526C9A2835F0C500846004 /* SceneDelegate.swift */,
				4C526CA62835F0C600846004 /* Info.plist */,
			);
			path = "Swift-1AllForOne";
			sourceTree = "<group>";
		};
		4C9C68A42835FADB007C39A5 /* View */ = {
			isa = PBXGroup;
			children = (
				4C9C68A72835FAFB007C39A5 /* Main */,
				4CC73F7F283B4F64004A6EC1 /* SendData */,
				4C526CA32835F0C600846004 /* LaunchScreen.storyboard */,
			);
			path = View;
			sourceTree = "<group>";
		};
		4C9C68A52835FAE2007C39A5 /* Model */ = {
			isa = PBXGroup;
			children = (
			);
			path = Model;
			sourceTree = "<group>";
		};
		4C9C68A62835FAE9007C39A5 /* ViewModel */ = {
			isa = PBXGroup;
			children = (
			);
			path = ViewModel;
			sourceTree = "<group>";
		};
		4C9C68A72835FAFB007C39A5 /* Main */ = {
			isa = PBXGroup;
			children = (
				4CAD253D2836A943002B447A /* Main TableCell */,
				4C526C9E2835F0C500846004 /* Main.storyboard */,
				4C9C68A82835FC5F007C39A5 /* MainViewController.swift */,
			);
			path = Main;
			sourceTree = "<group>";
		};
		4CAD253828369324002B447A /* Extensions */ = {
			isa = PBXGroup;
			children = (
			);
			path = Extensions;
			sourceTree = "<group>";
		};
		4CAD25392836932D002B447A /* Helpers */ = {
			isa = PBXGroup;
			children = (
			);
			path = Helpers;
			sourceTree = "<group>";
		};
		4CAD253A2836933E002B447A /* Assets */ = {
			isa = PBXGroup;
			children = (
				4C526CA12835F0C600846004 /* Assets.xcassets */,
			);
			path = Assets;
			sourceTree = "<group>";
		};
		4CAD253D2836A943002B447A /* Main TableCell */ = {
			isa = PBXGroup;
			children = (
				4CAD253E2836A96E002B447A /* MainTableViewCell.swift */,
				4CAD253F2836A96E002B447A /* MainTableViewCell.xib */,
			);
			path = "Main TableCell";
			sourceTree = "<group>";
		};
		4CC73F7F283B4F64004A6EC1 /* SendData */ = {
			isa = PBXGroup;
			children = (
				4CC73F80283B4F88004A6EC1 /* SendDataViewController.swift */,
			);
			path = SendData;
			sourceTree = "<group>";
		};
/* End PBXGroup section */

/* Begin PBXNativeTarget section */
		4C526C942835F0C500846004 /* Swift-1AllForOne */ = {
			isa = PBXNativeTarget;
			buildConfigurationList = 4C526CA92835F0C600846004 /* Build configuration list for PBXNativeTarget "Swift-1AllForOne" */;
			buildPhases = (
				4C526C912835F0C500846004 /* Sources */,
				4C526C922835F0C500846004 /* Frameworks */,
				4C526C932835F0C500846004 /* Resources */,
			);
			buildRules = (
			);
			dependencies = (
			);
			name = "Swift-1AllForOne";
			productName = "Swift-1AllForOne";
			productReference = 4C526C952835F0C500846004 /* Swift-1AllForOne.app */;
			productType = "com.apple.product-type.application";
		};
/* End PBXNativeTarget section */

/* Begin PBXProject section */
		4C526C8D2835F0C500846004 /* Project object */ = {
			isa = PBXProject;
			attributes = {
				BuildIndependentTargetsInParallel = 1;
				LastSwiftUpdateCheck = 1330;
				LastUpgradeCheck = 1330;
				TargetAttributes = {
					4C526C942835F0C500846004 = {
						CreatedOnToolsVersion = 13.3.1;
					};
				};
			};
			buildConfigurationList = 4C526C902835F0C500846004 /* Build configuration list for PBXProject "Swift-1AllForOne" */;
			compatibilityVersion = "Xcode 13.0";
			developmentRegion = en;
			hasScannedForEncodings = 0;
			knownRegions = (
				en,
				Base,
			);
			mainGroup = 4C526C8C2835F0C500846004;
			productRefGroup = 4C526C962835F0C500846004 /* Products */;
			projectDirPath = "";
			projectRoot = "";
			targets = (
				4C526C942835F0C500846004 /* Swift-1AllForOne */,
			);
		};
/* End PBXProject section */

/* Begin PBXResourcesBuildPhase section */
		4C526C932835F0C500846004 /* Resources */ = {
			isa = PBXResourcesBuildPhase;
			buildActionMask = 2147483647;
			files = (
				4C526CA52835F0C600846004 /* LaunchScreen.storyboard in Resources */,
				4C526CA22835F0C600846004 /* Assets.xcassets in Resources */,
				4CAD25412836A96E002B447A /* MainTableViewCell.xib in Resources */,
				4C526CA02835F0C500846004 /* Main.storyboard in Resources */,
			);
			runOnlyForDeploymentPostprocessing = 0;
		};
/* End PBXResourcesBuildPhase section */

/* Begin PBXSourcesBuildPhase section */
		4C526C912835F0C500846004 /* Sources */ = {
			isa = PBXSourcesBuildPhase;
			buildActionMask = 2147483647;
			files = (
				4C9C68A92835FC5F007C39A5 /* MainViewController.swift in Sources */,
				4C526C992835F0C500846004 /* AppDelegate.swift in Sources */,
				4CAD25402836A96E002B447A /* MainTableViewCell.swift in Sources */,
				4C526C9B2835F0C500846004 /* SceneDelegate.swift in Sources */,
				4CC73F81283B4F88004A6EC1 /* SendDataViewController.swift in Sources */,
			);
			runOnlyForDeploymentPostprocessing = 0;
		};
/* End PBXSourcesBuildPhase section */

/* Begin PBXVariantGroup section */
		4C526C9E2835F0C500846004 /* Main.storyboard */ = {
			isa = PBXVariantGroup;
			children = (
				4C526C9F2835F0C500846004 /* Base */,
			);
			name = Main.storyboard;
			sourceTree = "<group>";
		};
		4C526CA32835F0C600846004 /* LaunchScreen.storyboard */ = {
			isa = PBXVariantGroup;
			children = (
				4C526CA42835F0C600846004 /* Base */,
			);
			name = LaunchScreen.storyboard;
			sourceTree = "<group>";
		};
/* End PBXVariantGroup section */

/* Begin XCBuildConfiguration section */
		4C526CA72835F0C600846004 /* Debug */ = {
			isa = XCBuildConfiguration;
			buildSettings = {
				ALWAYS_SEARCH_USER_PATHS = NO;
				CLANG_ANALYZER_NONNULL = YES;
				CLANG_ANALYZER_NUMBER_OBJECT_CONVERSION = YES_AGGRESSIVE;
				CLANG_CXX_LANGUAGE_STANDARD = "gnu++17";
				CLANG_ENABLE_MODULES = YES;
				CLANG_ENABLE_OBJC_ARC = YES;
				CLANG_ENABLE_OBJC_WEAK = YES;
				CLANG_WARN_BLOCK_CAPTURE_AUTORELEASING = YES;
				CLANG_WARN_BOOL_CONVERSION = YES;
				CLANG_WARN_COMMA = YES;
				CLANG_WARN_CONSTANT_CONVERSION = YES;
				CLANG_WARN_DEPRECATED_OBJC_IMPLEMENTATIONS = YES;
				CLANG_WARN_DIRECT_OBJC_ISA_USAGE = YES_ERROR;
				CLANG_WARN_DOCUMENTATION_COMMENTS = YES;
				CLANG_WARN_EMPTY_BODY = YES;
				CLANG_WARN_ENUM_CONVERSION = YES;
				CLANG_WARN_INFINITE_RECURSION = YES;
				CLANG_WARN_INT_CONVERSION = YES;
				CLANG_WARN_NON_LITERAL_NULL_CONVERSION = YES;
				CLANG_WARN_OBJC_IMPLICIT_RETAIN_SELF = YES;
				CLANG_WARN_OBJC_LITERAL_CONVERSION = YES;
				CLANG_WARN_OBJC_ROOT_CLASS = YES_ERROR;
				CLANG_WARN_QUOTED_INCLUDE_IN_FRAMEWORK_HEADER = YES;
				CLANG_WARN_RANGE_LOOP_ANALYSIS = YES;
				CLANG_WARN_STRICT_PROTOTYPES = YES;
				CLANG_WARN_SUSPICIOUS_MOVE = YES;
				CLANG_WARN_UNGUARDED_AVAILABILITY = YES_AGGRESSIVE;
				CLANG_WARN_UNREACHABLE_CODE = YES;
				CLANG_WARN__DUPLICATE_METHOD_MATCH = YES;
				COPY_PHASE_STRIP = NO;
				DEBUG_INFORMATION_FORMAT = dwarf;
				ENABLE_STRICT_OBJC_MSGSEND = YES;
				ENABLE_TESTABILITY = YES;
				GCC_C_LANGUAGE_STANDARD = gnu11;
				GCC_DYNAMIC_NO_PIC = NO;
				GCC_NO_COMMON_BLOCKS = YES;
				GCC_OPTIMIZATION_LEVEL = 0;
				GCC_PREPROCESSOR_DEFINITIONS = (
					"DEBUG=1",
					"$(inherited)",
				);
				GCC_WARN_64_TO_32_BIT_CONVERSION = YES;
				GCC_WARN_ABOUT_RETURN_TYPE = YES_ERROR;
				GCC_WARN_UNDECLARED_SELECTOR = YES;
				GCC_WARN_UNINITIALIZED_AUTOS = YES_AGGRESSIVE;
				GCC_WARN_UNUSED_FUNCTION = YES;
				GCC_WARN_UNUSED_VARIABLE = YES;
				IPHONEOS_DEPLOYMENT_TARGET = 15.4;
				MTL_ENABLE_DEBUG_INFO = INCLUDE_SOURCE;
				MTL_FAST_MATH = YES;
				ONLY_ACTIVE_ARCH = YES;
				SDKROOT = iphoneos;
				SWIFT_ACTIVE_COMPILATION_CONDITIONS = DEBUG;
				SWIFT_OPTIMIZATION_LEVEL = "-Onone";
			};
			name = Debug;
		};
		4C526CA82835F0C600846004 /* Release */ = {
			isa = XCBuildConfiguration;
			buildSettings = {
				ALWAYS_SEARCH_USER_PATHS = NO;
				CLANG_ANALYZER_NONNULL = YES;
				CLANG_ANALYZER_NUMBER_OBJECT_CONVERSION = YES_AGGRESSIVE;
				CLANG_CXX_LANGUAGE_STANDARD = "gnu++17";
				CLANG_ENABLE_MODULES = YES;
				CLANG_ENABLE_OBJC_ARC = YES;
				CLANG_ENABLE_OBJC_WEAK = YES;
				CLANG_WARN_BLOCK_CAPTURE_AUTORELEASING = YES;
				CLANG_WARN_BOOL_CONVERSION = YES;
				CLANG_WARN_COMMA = YES;
				CLANG_WARN_CONSTANT_CONVERSION = YES;
				CLANG_WARN_DEPRECATED_OBJC_IMPLEMENTATIONS = YES;
				CLANG_WARN_DIRECT_OBJC_ISA_USAGE = YES_ERROR;
				CLANG_WARN_DOCUMENTATION_COMMENTS = YES;
				CLANG_WARN_EMPTY_BODY = YES;
				CLANG_WARN_ENUM_CONVERSION = YES;
				CLANG_WARN_INFINITE_RECURSION = YES;
				CLANG_WARN_INT_CONVERSION = YES;
				CLANG_WARN_NON_LITERAL_NULL_CONVERSION = YES;
				CLANG_WARN_OBJC_IMPLICIT_RETAIN_SELF = YES;
				CLANG_WARN_OBJC_LITERAL_CONVERSION = YES;
				CLANG_WARN_OBJC_ROOT_CLASS = YES_ERROR;
				CLANG_WARN_QUOTED_INCLUDE_IN_FRAMEWORK_HEADER = YES;
				CLANG_WARN_RANGE_LOOP_ANALYSIS = YES;
				CLANG_WARN_STRICT_PROTOTYPES = YES;
				CLANG_WARN_SUSPICIOUS_MOVE = YES;
				CLANG_WARN_UNGUARDED_AVAILABILITY = YES_AGGRESSIVE;
				CLANG_WARN_UNREACHABLE_CODE = YES;
				CLANG_WARN__DUPLICATE_METHOD_MATCH = YES;
				COPY_PHASE_STRIP = NO;
				DEBUG_INFORMATION_FORMAT = "dwarf-with-dsym";
				ENABLE_NS_ASSERTIONS = NO;
				ENABLE_STRICT_OBJC_MSGSEND = YES;
				GCC_C_LANGUAGE_STANDARD = gnu11;
				GCC_NO_COMMON_BLOCKS = YES;
				GCC_WARN_64_TO_32_BIT_CONVERSION = YES;
				GCC_WARN_ABOUT_RETURN_TYPE = YES_ERROR;
				GCC_WARN_UNDECLARED_SELECTOR = YES;
				GCC_WARN_UNINITIALIZED_AUTOS = YES_AGGRESSIVE;
				GCC_WARN_UNUSED_FUNCTION = YES;
				GCC_WARN_UNUSED_VARIABLE = YES;
				IPHONEOS_DEPLOYMENT_TARGET = 15.4;
				MTL_ENABLE_DEBUG_INFO = NO;
				MTL_FAST_MATH = YES;
				SDKROOT = iphoneos;
				SWIFT_COMPILATION_MODE = wholemodule;
				SWIFT_OPTIMIZATION_LEVEL = "-O";
				VALIDATE_PRODUCT = YES;
			};
			name = Release;
		};
		4C526CAA2835F0C600846004 /* Debug */ = {
			isa = XCBuildConfiguration;
			buildSettings = {
				ASSETCATALOG_COMPILER_APPICON_NAME = AppIcon;
				ASSETCATALOG_COMPILER_GLOBAL_ACCENT_COLOR_NAME = AccentColor;
				CODE_SIGN_STYLE = Automatic;
				CURRENT_PROJECT_VERSION = 1;
				GENERATE_INFOPLIST_FILE = YES;
				INFOPLIST_FILE = "Swift-1AllForOne/Info.plist";
				INFOPLIST_KEY_UIApplicationSupportsIndirectInputEvents = YES;
				INFOPLIST_KEY_UILaunchStoryboardName = LaunchScreen;
				INFOPLIST_KEY_UIMainStoryboardFile = Main;
				INFOPLIST_KEY_UISupportedInterfaceOrientations_iPad = "UIInterfaceOrientationPortrait UIInterfaceOrientationPortraitUpsideDown UIInterfaceOrientationLandscapeLeft UIInterfaceOrientationLandscapeRight";
				INFOPLIST_KEY_UISupportedInterfaceOrientations_iPhone = "UIInterfaceOrientationPortrait UIInterfaceOrientationLandscapeLeft UIInterfaceOrientationLandscapeRight";
				LD_RUNPATH_SEARCH_PATHS = (
					"$(inherited)",
					"@executable_path/Frameworks",
				);
				MARKETING_VERSION = 1.0;
				PRODUCT_BUNDLE_IDENTIFIER = "GabrielToroG.Swift-1AllForOne";
				PRODUCT_NAME = "$(TARGET_NAME)";
				SWIFT_EMIT_LOC_STRINGS = YES;
				SWIFT_VERSION = 5.0;
				TARGETED_DEVICE_FAMILY = "1,2";
			};
			name = Debug;
		};
		4C526CAB2835F0C600846004 /* Release */ = {
			isa = XCBuildConfiguration;
			buildSettings = {
				ASSETCATALOG_COMPILER_APPICON_NAME = AppIcon;
				ASSETCATALOG_COMPILER_GLOBAL_ACCENT_COLOR_NAME = AccentColor;
				CODE_SIGN_STYLE = Automatic;
				CURRENT_PROJECT_VERSION = 1;
				GENERATE_INFOPLIST_FILE = YES;
				INFOPLIST_FILE = "Swift-1AllForOne/Info.plist";
				INFOPLIST_KEY_UIApplicationSupportsIndirectInputEvents = YES;
				INFOPLIST_KEY_UILaunchStoryboardName = LaunchScreen;
				INFOPLIST_KEY_UIMainStoryboardFile = Main;
				INFOPLIST_KEY_UISupportedInterfaceOrientations_iPad = "UIInterfaceOrientationPortrait UIInterfaceOrientationPortraitUpsideDown UIInterfaceOrientationLandscapeLeft UIInterfaceOrientationLandscapeRight";
				INFOPLIST_KEY_UISupportedInterfaceOrientations_iPhone = "UIInterfaceOrientationPortrait UIInterfaceOrientationLandscapeLeft UIInterfaceOrientationLandscapeRight";
				LD_RUNPATH_SEARCH_PATHS = (
					"$(inherited)",
					"@executable_path/Frameworks",
				);
				MARKETING_VERSION = 1.0;
				PRODUCT_BUNDLE_IDENTIFIER = "GabrielToroG.Swift-1AllForOne";
				PRODUCT_NAME = "$(TARGET_NAME)";
				SWIFT_EMIT_LOC_STRINGS = YES;
				SWIFT_VERSION = 5.0;
				TARGETED_DEVICE_FAMILY = "1,2";
			};
			name = Release;
		};
/* End XCBuildConfiguration section */

/* Begin XCConfigurationList section */
		4C526C902835F0C500846004 /* Build configuration list for PBXProject "Swift-1AllForOne" */ = {
			isa = XCConfigurationList;
			buildConfigurations = (
				4C526CA72835F0C600846004 /* Debug */,
				4C526CA82835F0C600846004 /* Release */,
			);
			defaultConfigurationIsVisible = 0;
			defaultConfigurationName = Release;
		};
		4C526CA92835F0C600846004 /* Build configuration list for PBXNativeTarget "Swift-1AllForOne" */ = {
			isa = XCConfigurationList;
			buildConfigurations = (
				4C526CAA2835F0C600846004 /* Debug */,
				4C526CAB2835F0C600846004 /* Release */,
			);
			defaultConfigurationIsVisible = 0;
			defaultConfigurationName = Release;
		};
/* End XCConfigurationList section */
	};
	rootObject = 4C526C8D2835F0C500846004 /* Project object */;
}
